// !$*UTF8*$!
{
	archiveVersion = 1;
	classes = {
	};
	objectVersion = 50;
	objects = {

/* Begin PBXBuildFile section */
		406660C5263D21FF001BEF66 /* AppDelegate.swift in Sources */ = {isa = PBXBuildFile; fileRef = 406660C4263D21FF001BEF66 /* AppDelegate.swift */; };
		406660C7263D21FF001BEF66 /* SceneDelegate.swift in Sources */ = {isa = PBXBuildFile; fileRef = 406660C6263D21FF001BEF66 /* SceneDelegate.swift */; };
		406660C9263D21FF001BEF66 /* RootViewController.swift in Sources */ = {isa = PBXBuildFile; fileRef = 406660C8263D21FF001BEF66 /* RootViewController.swift */; };
		406660CC263D21FF001BEF66 /* Main.storyboard in Resources */ = {isa = PBXBuildFile; fileRef = 406660CA263D21FF001BEF66 /* Main.storyboard */; };
		406660CE263D21FF001BEF66 /* Assets.xcassets in Resources */ = {isa = PBXBuildFile; fileRef = 406660CD263D21FF001BEF66 /* Assets.xcassets */; };
		406660D1263D21FF001BEF66 /* LaunchScreen.storyboard in Resources */ = {isa = PBXBuildFile; fileRef = 406660CF263D21FF001BEF66 /* LaunchScreen.storyboard */; };
		406660DB263D4A8A001BEF66 /* Config.swift in Sources */ = {isa = PBXBuildFile; fileRef = 406660DA263D4A8A001BEF66 /* Config.swift */; };
		406660DF263D4CE4001BEF66 /* Author.swift in Sources */ = {isa = PBXBuildFile; fileRef = 406660DE263D4CE4001BEF66 /* Author.swift */; };
		406660E3263D4E55001BEF66 /* Utils.swift in Sources */ = {isa = PBXBuildFile; fileRef = 406660E2263D4E55001BEF66 /* Utils.swift */; };
		40667CE226527004002D6E44 /* RootViewController+UICollectionViewDelegate.swift in Sources */ = {isa = PBXBuildFile; fileRef = 40667CE126527004002D6E44 /* RootViewController+UICollectionViewDelegate.swift */; };
		408D5B4B2645DD5900B4930F /* PlaceCollectionViewCell.swift in Sources */ = {isa = PBXBuildFile; fileRef = 408D5B4A2645DD5900B4930F /* PlaceCollectionViewCell.swift */; };
		408D5B502645E65A00B4930F /* TitileSupplementaryView.swift in Sources */ = {isa = PBXBuildFile; fileRef = 408D5B4F2645E65A00B4930F /* TitileSupplementaryView.swift */; };
		40D3EEA7264545AB005E2F0F /* Garbage.swift in Sources */ = {isa = PBXBuildFile; fileRef = 40D3EEA6264545AB005E2F0F /* Garbage.swift */; };
		40D3EEAC2645C5CE005E2F0F /* PlacesController.swift in Sources */ = {isa = PBXBuildFile; fileRef = 40D3EEAB2645C5CE005E2F0F /* PlacesController.swift */; };
		40D3EEB12645C729005E2F0F /* Place.swift in Sources */ = {isa = PBXBuildFile; fileRef = 40D3EEB02645C729005E2F0F /* Place.swift */; };
		40E982D9264349A4007D14D6 /* Extensions.swift in Sources */ = {isa = PBXBuildFile; fileRef = 40E982D8264349A4007D14D6 /* Extensions.swift */; };
		40E982DF2643F81E007D14D6 /* Place.storyboard in Resources */ = {isa = PBXBuildFile; fileRef = 40E982DE2643F81E007D14D6 /* Place.storyboard */; };
		40E982E22643F880007D14D6 /* PlaceViewController.swift in Sources */ = {isa = PBXBuildFile; fileRef = 40E982E12643F880007D14D6 /* PlaceViewController.swift */; };
		40E982E7264400BC007D14D6 /* Onboarding.swift in Sources */ = {isa = PBXBuildFile; fileRef = 40E982E6264400BC007D14D6 /* Onboarding.swift */; };
/* End PBXBuildFile section */

/* Begin PBXFileReference section */
		406660C1263D21FF001BEF66 /* Places.app */ = {isa = PBXFileReference; explicitFileType = wrapper.application; includeInIndex = 0; path = Places.app; sourceTree = BUILT_PRODUCTS_DIR; };
		406660C4263D21FF001BEF66 /* AppDelegate.swift */ = {isa = PBXFileReference; lastKnownFileType = sourcecode.swift; path = AppDelegate.swift; sourceTree = "<group>"; };
		406660C6263D21FF001BEF66 /* SceneDelegate.swift */ = {isa = PBXFileReference; lastKnownFileType = sourcecode.swift; path = SceneDelegate.swift; sourceTree = "<group>"; };
		406660C8263D21FF001BEF66 /* RootViewController.swift */ = {isa = PBXFileReference; lastKnownFileType = sourcecode.swift; path = RootViewController.swift; sourceTree = "<group>"; };
		406660CB263D21FF001BEF66 /* Base */ = {isa = PBXFileReference; lastKnownFileType = file.storyboard; name = Base; path = Base.lproj/Main.storyboard; sourceTree = "<group>"; };
		406660CD263D21FF001BEF66 /* Assets.xcassets */ = {isa = PBXFileReference; lastKnownFileType = folder.assetcatalog; path = Assets.xcassets; sourceTree = "<group>"; };
		406660D0263D21FF001BEF66 /* Base */ = {isa = PBXFileReference; lastKnownFileType = file.storyboard; name = Base; path = Base.lproj/LaunchScreen.storyboard; sourceTree = "<group>"; };
		406660D2263D21FF001BEF66 /* Info.plist */ = {isa = PBXFileReference; lastKnownFileType = text.plist.xml; path = Info.plist; sourceTree = "<group>"; };
		406660DA263D4A8A001BEF66 /* Config.swift */ = {isa = PBXFileReference; fileEncoding = 4; lastKnownFileType = sourcecode.swift; path = Config.swift; sourceTree = "<group>"; };
		406660DE263D4CE4001BEF66 /* Author.swift */ = {isa = PBXFileReference; lastKnownFileType = sourcecode.swift; path = Author.swift; sourceTree = "<group>"; };
		406660E2263D4E55001BEF66 /* Utils.swift */ = {isa = PBXFileReference; fileEncoding = 4; lastKnownFileType = sourcecode.swift; path = Utils.swift; sourceTree = "<group>"; };
		40667CE126527004002D6E44 /* RootViewController+UICollectionViewDelegate.swift */ = {isa = PBXFileReference; lastKnownFileType = sourcecode.swift; path = "RootViewController+UICollectionViewDelegate.swift"; sourceTree = "<group>"; };
		408D5B4A2645DD5900B4930F /* PlaceCollectionViewCell.swift */ = {isa = PBXFileReference; lastKnownFileType = sourcecode.swift; path = PlaceCollectionViewCell.swift; sourceTree = "<group>"; };
		408D5B4F2645E65A00B4930F /* TitileSupplementaryView.swift */ = {isa = PBXFileReference; lastKnownFileType = sourcecode.swift; path = TitileSupplementaryView.swift; sourceTree = "<group>"; };
		40D3EEA6264545AB005E2F0F /* Garbage.swift */ = {isa = PBXFileReference; lastKnownFileType = sourcecode.swift; path = Garbage.swift; sourceTree = "<group>"; };
		40D3EEAB2645C5CE005E2F0F /* PlacesController.swift */ = {isa = PBXFileReference; lastKnownFileType = sourcecode.swift; path = PlacesController.swift; sourceTree = "<group>"; };
		40D3EEB02645C729005E2F0F /* Place.swift */ = {isa = PBXFileReference; lastKnownFileType = sourcecode.swift; path = Place.swift; sourceTree = "<group>"; };
		40E982D8264349A4007D14D6 /* Extensions.swift */ = {isa = PBXFileReference; lastKnownFileType = sourcecode.swift; path = Extensions.swift; sourceTree = "<group>"; };
		40E982DE2643F81E007D14D6 /* Place.storyboard */ = {isa = PBXFileReference; lastKnownFileType = file.storyboard; path = Place.storyboard; sourceTree = "<group>"; };
		40E982E12643F880007D14D6 /* PlaceViewController.swift */ = {isa = PBXFileReference; lastKnownFileType = sourcecode.swift; path = PlaceViewController.swift; sourceTree = "<group>"; };
		40E982E6264400BC007D14D6 /* Onboarding.swift */ = {isa = PBXFileReference; lastKnownFileType = sourcecode.swift; path = Onboarding.swift; sourceTree = "<group>"; };
/* End PBXFileReference section */

/* Begin PBXFrameworksBuildPhase section */
		406660BE263D21FF001BEF66 /* Frameworks */ = {
			isa = PBXFrameworksBuildPhase;
			buildActionMask = 2147483647;
			files = (
			);
			runOnlyForDeploymentPostprocessing = 0;
		};
/* End PBXFrameworksBuildPhase section */

/* Begin PBXGroup section */
		406660B8263D21FF001BEF66 = {
			isa = PBXGroup;
			children = (
				406660C3263D21FF001BEF66 /* Places */,
				406660C2263D21FF001BEF66 /* Products */,
			);
			sourceTree = "<group>";
		};
		406660C2263D21FF001BEF66 /* Products */ = {
			isa = PBXGroup;
			children = (
				406660C1263D21FF001BEF66 /* Places.app */,
			);
			name = Products;
			sourceTree = "<group>";
		};
		406660C3263D21FF001BEF66 /* Places */ = {
			isa = PBXGroup;
			children = (
				40D3EEAE2645C5D5005E2F0F /* Controllers */,
				40E982E526440022007D14D6 /* ViewControllers */,
				40E982E42643FFF9007D14D6 /* Storyboards */,
				406660DD263D4CB6001BEF66 /* Model */,
				406660C4263D21FF001BEF66 /* AppDelegate.swift */,
				40D3EEA6264545AB005E2F0F /* Garbage.swift */,
				406660C6263D21FF001BEF66 /* SceneDelegate.swift */,
				406660CD263D21FF001BEF66 /* Assets.xcassets */,
				406660DA263D4A8A001BEF66 /* Config.swift */,
				40E982D8264349A4007D14D6 /* Extensions.swift */,
				406660D2263D21FF001BEF66 /* Info.plist */,
				406660E2263D4E55001BEF66 /* Utils.swift */,
			);
			path = Places;
			sourceTree = "<group>";
		};
		406660DD263D4CB6001BEF66 /* Model */ = {
			isa = PBXGroup;
			children = (
				406660DE263D4CE4001BEF66 /* Author.swift */,
				40D3EEB02645C729005E2F0F /* Place.swift */,
			);
			path = Model;
			sourceTree = "<group>";
		};
		408D5B492645DD1E00B4930F /* Cells */ = {
			isa = PBXGroup;
			children = (
				408D5B4A2645DD5900B4930F /* PlaceCollectionViewCell.swift */,
			);
			path = Cells;
			sourceTree = "<group>";
		};
		408D5B4E2645E63400B4930F /* Views */ = {
			isa = PBXGroup;
			children = (
				408D5B4F2645E65A00B4930F /* TitileSupplementaryView.swift */,
			);
			path = Views;
			sourceTree = "<group>";
		};
		40D3EEAE2645C5D5005E2F0F /* Controllers */ = {
			isa = PBXGroup;
			children = (
				40D3EEAB2645C5CE005E2F0F /* PlacesController.swift */,
			);
			path = Controllers;
			sourceTree = "<group>";
		};
		40E982E42643FFF9007D14D6 /* Storyboards */ = {
			isa = PBXGroup;
			children = (
				40E982DE2643F81E007D14D6 /* Place.storyboard */,
				406660CA263D21FF001BEF66 /* Main.storyboard */,
				406660CF263D21FF001BEF66 /* LaunchScreen.storyboard */,
			);
			path = Storyboards;
			sourceTree = "<group>";
		};
		40E982E526440022007D14D6 /* ViewControllers */ = {
			isa = PBXGroup;
			children = (
				408D5B4E2645E63400B4930F /* Views */,
				408D5B492645DD1E00B4930F /* Cells */,
				40E982E6264400BC007D14D6 /* Onboarding.swift */,
				406660C8263D21FF001BEF66 /* RootViewController.swift */,
				40667CE126527004002D6E44 /* RootViewController+UICollectionViewDelegate.swift */,
				40E982E12643F880007D14D6 /* PlaceViewController.swift */,
			);
			path = ViewControllers;
			sourceTree = "<group>";
		};
/* End PBXGroup section */

/* Begin PBXNativeTarget section */
		406660C0263D21FF001BEF66 /* Places */ = {
			isa = PBXNativeTarget;
			buildConfigurationList = 406660D5263D21FF001BEF66 /* Build configuration list for PBXNativeTarget "Places" */;
			buildPhases = (
				406660BD263D21FF001BEF66 /* Sources */,
				406660BE263D21FF001BEF66 /* Frameworks */,
				406660BF263D21FF001BEF66 /* Resources */,
			);
			buildRules = (
			);
			dependencies = (
			);
			name = Places;
			productName = Places;
			productReference = 406660C1263D21FF001BEF66 /* Places.app */;
			productType = "com.apple.product-type.application";
		};
/* End PBXNativeTarget section */

/* Begin PBXProject section */
		406660B9263D21FF001BEF66 /* Project object */ = {
			isa = PBXProject;
			attributes = {
				LastSwiftUpdateCheck = 1240;
				LastUpgradeCheck = 1240;
				TargetAttributes = {
					406660C0263D21FF001BEF66 = {
						CreatedOnToolsVersion = 12.4;
					};
				};
			};
			buildConfigurationList = 406660BC263D21FF001BEF66 /* Build configuration list for PBXProject "Places" */;
			compatibilityVersion = "Xcode 9.3";
			developmentRegion = en;
			hasScannedForEncodings = 0;
			knownRegions = (
				en,
				Base,
			);
			mainGroup = 406660B8263D21FF001BEF66;
			productRefGroup = 406660C2263D21FF001BEF66 /* Products */;
			projectDirPath = "";
			projectRoot = "";
			targets = (
				406660C0263D21FF001BEF66 /* Places */,
			);
		};
/* End PBXProject section */

/* Begin PBXResourcesBuildPhase section */
		406660BF263D21FF001BEF66 /* Resources */ = {
			isa = PBXResourcesBuildPhase;
			buildActionMask = 2147483647;
			files = (
				40E982DF2643F81E007D14D6 /* Place.storyboard in Resources */,
				406660D1263D21FF001BEF66 /* LaunchScreen.storyboard in Resources */,
				406660CE263D21FF001BEF66 /* Assets.xcassets in Resources */,
				406660CC263D21FF001BEF66 /* Main.storyboard in Resources */,
			);
			runOnlyForDeploymentPostprocessing = 0;
		};
/* End PBXResourcesBuildPhase section */

/* Begin PBXSourcesBuildPhase section */
		406660BD263D21FF001BEF66 /* Sources */ = {
			isa = PBXSourcesBuildPhase;
			buildActionMask = 2147483647;
			files = (
				40E982E7264400BC007D14D6 /* Onboarding.swift in Sources */,
				40E982E22643F880007D14D6 /* PlaceViewController.swift in Sources */,
				406660C9263D21FF001BEF66 /* RootViewController.swift in Sources */,
				408D5B502645E65A00B4930F /* TitileSupplementaryView.swift in Sources */,
				40D3EEB12645C729005E2F0F /* Place.swift in Sources */,
				406660DB263D4A8A001BEF66 /* Config.swift in Sources */,
				406660C5263D21FF001BEF66 /* AppDelegate.swift in Sources */,
				40D3EEA7264545AB005E2F0F /* Garbage.swift in Sources */,
				408D5B4B2645DD5900B4930F /* PlaceCollectionViewCell.swift in Sources */,
				406660C7263D21FF001BEF66 /* SceneDelegate.swift in Sources */,
				40667CE226527004002D6E44 /* RootViewController+UICollectionViewDelegate.swift in Sources */,
				406660DF263D4CE4001BEF66 /* Author.swift in Sources */,
				406660E3263D4E55001BEF66 /* Utils.swift in Sources */,
				40D3EEAC2645C5CE005E2F0F /* PlacesController.swift in Sources */,
				40E982D9264349A4007D14D6 /* Extensions.swift in Sources */,
			);
			runOnlyForDeploymentPostprocessing = 0;
		};
/* End PBXSourcesBuildPhase section */

/* Begin PBXVariantGroup section */
		406660CA263D21FF001BEF66 /* Main.storyboard */ = {
			isa = PBXVariantGroup;
			children = (
				406660CB263D21FF001BEF66 /* Base */,
			);
			name = Main.storyboard;
			sourceTree = "<group>";
		};
		406660CF263D21FF001BEF66 /* LaunchScreen.storyboard */ = {
			isa = PBXVariantGroup;
			children = (
				406660D0263D21FF001BEF66 /* Base */,
			);
			name = LaunchScreen.storyboard;
			sourceTree = "<group>";
		};
/* End PBXVariantGroup section */

/* Begin XCBuildConfiguration section */
		406660D3263D21FF001BEF66 /* Debug */ = {
			isa = XCBuildConfiguration;
			buildSettings = {
				ALWAYS_SEARCH_USER_PATHS = NO;
				CLANG_ANALYZER_NONNULL = YES;
				CLANG_ANALYZER_NUMBER_OBJECT_CONVERSION = YES_AGGRESSIVE;
				CLANG_CXX_LANGUAGE_STANDARD = "gnu++14";
				CLANG_CXX_LIBRARY = "libc++";
				CLANG_ENABLE_MODULES = YES;
				CLANG_ENABLE_OBJC_ARC = YES;
				CLANG_ENABLE_OBJC_WEAK = YES;
				CLANG_WARN_BLOCK_CAPTURE_AUTORELEASING = YES;
				CLANG_WARN_BOOL_CONVERSION = YES;
				CLANG_WARN_COMMA = YES;
				CLANG_WARN_CONSTANT_CONVERSION = YES;
				CLANG_WARN_DEPRECATED_OBJC_IMPLEMENTATIONS = YES;
				CLANG_WARN_DIRECT_OBJC_ISA_USAGE = YES_ERROR;
				CLANG_WARN_DOCUMENTATION_COMMENTS = YES;
				CLANG_WARN_EMPTY_BODY = YES;
				CLANG_WARN_ENUM_CONVERSION = YES;
				CLANG_WARN_INFINITE_RECURSION = YES;
				CLANG_WARN_INT_CONVERSION = YES;
				CLANG_WARN_NON_LITERAL_NULL_CONVERSION = YES;
				CLANG_WARN_OBJC_IMPLICIT_RETAIN_SELF = YES;
				CLANG_WARN_OBJC_LITERAL_CONVERSION = YES;
				CLANG_WARN_OBJC_ROOT_CLASS = YES_ERROR;
				CLANG_WARN_QUOTED_INCLUDE_IN_FRAMEWORK_HEADER = YES;
				CLANG_WARN_RANGE_LOOP_ANALYSIS = YES;
				CLANG_WARN_STRICT_PROTOTYPES = YES;
				CLANG_WARN_SUSPICIOUS_MOVE = YES;
				CLANG_WARN_UNGUARDED_AVAILABILITY = YES_AGGRESSIVE;
				CLANG_WARN_UNREACHABLE_CODE = YES;
				CLANG_WARN__DUPLICATE_METHOD_MATCH = YES;
				COPY_PHASE_STRIP = NO;
				DEBUG_INFORMATION_FORMAT = dwarf;
				ENABLE_STRICT_OBJC_MSGSEND = YES;
				ENABLE_TESTABILITY = YES;
				GCC_C_LANGUAGE_STANDARD = gnu11;
				GCC_DYNAMIC_NO_PIC = NO;
				GCC_NO_COMMON_BLOCKS = YES;
				GCC_OPTIMIZATION_LEVEL = 0;
				GCC_PREPROCESSOR_DEFINITIONS = (
					"DEBUG=1",
					"$(inherited)",
				);
				GCC_WARN_64_TO_32_BIT_CONVERSION = YES;
				GCC_WARN_ABOUT_RETURN_TYPE = YES_ERROR;
				GCC_WARN_UNDECLARED_SELECTOR = YES;
				GCC_WARN_UNINITIALIZED_AUTOS = YES_AGGRESSIVE;
				GCC_WARN_UNUSED_FUNCTION = YES;
				GCC_WARN_UNUSED_VARIABLE = YES;
				IPHONEOS_DEPLOYMENT_TARGET = 14.4;
				MTL_ENABLE_DEBUG_INFO = INCLUDE_SOURCE;
				MTL_FAST_MATH = YES;
				ONLY_ACTIVE_ARCH = YES;
				SDKROOT = iphoneos;
				SWIFT_ACTIVE_COMPILATION_CONDITIONS = DEBUG;
				SWIFT_OPTIMIZATION_LEVEL = "-Onone";
			};
			name = Debug;
		};
		406660D4263D21FF001BEF66 /* Release */ = {
			isa = XCBuildConfiguration;
			buildSettings = {
				ALWAYS_SEARCH_USER_PATHS = NO;
				CLANG_ANALYZER_NONNULL = YES;
				CLANG_ANALYZER_NUMBER_OBJECT_CONVERSION = YES_AGGRESSIVE;
				CLANG_CXX_LANGUAGE_STANDARD = "gnu++14";
				CLANG_CXX_LIBRARY = "libc++";
				CLANG_ENABLE_MODULES = YES;
				CLANG_ENABLE_OBJC_ARC = YES;
				CLANG_ENABLE_OBJC_WEAK = YES;
				CLANG_WARN_BLOCK_CAPTURE_AUTORELEASING = YES;
				CLANG_WARN_BOOL_CONVERSION = YES;
				CLANG_WARN_COMMA = YES;
				CLANG_WARN_CONSTANT_CONVERSION = YES;
				CLANG_WARN_DEPRECATED_OBJC_IMPLEMENTATIONS = YES;
				CLANG_WARN_DIRECT_OBJC_ISA_USAGE = YES_ERROR;
				CLANG_WARN_DOCUMENTATION_COMMENTS = YES;
				CLANG_WARN_EMPTY_BODY = YES;
				CLANG_WARN_ENUM_CONVERSION = YES;
				CLANG_WARN_INFINITE_RECURSION = YES;
				CLANG_WARN_INT_CONVERSION = YES;
				CLANG_WARN_NON_LITERAL_NULL_CONVERSION = YES;
				CLANG_WARN_OBJC_IMPLICIT_RETAIN_SELF = YES;
				CLANG_WARN_OBJC_LITERAL_CONVERSION = YES;
				CLANG_WARN_OBJC_ROOT_CLASS = YES_ERROR;
				CLANG_WARN_QUOTED_INCLUDE_IN_FRAMEWORK_HEADER = YES;
				CLANG_WARN_RANGE_LOOP_ANALYSIS = YES;
				CLANG_WARN_STRICT_PROTOTYPES = YES;
				CLANG_WARN_SUSPICIOUS_MOVE = YES;
				CLANG_WARN_UNGUARDED_AVAILABILITY = YES_AGGRESSIVE;
				CLANG_WARN_UNREACHABLE_CODE = YES;
				CLANG_WARN__DUPLICATE_METHOD_MATCH = YES;
				COPY_PHASE_STRIP = NO;
				DEBUG_INFORMATION_FORMAT = "dwarf-with-dsym";
				ENABLE_NS_ASSERTIONS = NO;
				ENABLE_STRICT_OBJC_MSGSEND = YES;
				GCC_C_LANGUAGE_STANDARD = gnu11;
				GCC_NO_COMMON_BLOCKS = YES;
				GCC_WARN_64_TO_32_BIT_CONVERSION = YES;
				GCC_WARN_ABOUT_RETURN_TYPE = YES_ERROR;
				GCC_WARN_UNDECLARED_SELECTOR = YES;
				GCC_WARN_UNINITIALIZED_AUTOS = YES_AGGRESSIVE;
				GCC_WARN_UNUSED_FUNCTION = YES;
				GCC_WARN_UNUSED_VARIABLE = YES;
				IPHONEOS_DEPLOYMENT_TARGET = 14.4;
				MTL_ENABLE_DEBUG_INFO = NO;
				MTL_FAST_MATH = YES;
				SDKROOT = iphoneos;
				SWIFT_COMPILATION_MODE = wholemodule;
				SWIFT_OPTIMIZATION_LEVEL = "-O";
				VALIDATE_PRODUCT = YES;
			};
			name = Release;
		};
		406660D6263D21FF001BEF66 /* Debug */ = {
			isa = XCBuildConfiguration;
			buildSettings = {
				ASSETCATALOG_COMPILER_APPICON_NAME = AppIcon;
				ASSETCATALOG_COMPILER_GLOBAL_ACCENT_COLOR_NAME = AccentColor;
				CODE_SIGN_STYLE = Automatic;
				DEVELOPMENT_TEAM = X9YKGG45V3;
				INFOPLIST_FILE = Places/Info.plist;
				LD_RUNPATH_SEARCH_PATHS = (
					"$(inherited)",
					"@executable_path/Frameworks",
				);
				PRODUCT_BUNDLE_IDENTIFIER = bx.Places;
				PRODUCT_NAME = "$(TARGET_NAME)";
				SWIFT_VERSION = 5.0;
				TARGETED_DEVICE_FAMILY = 1;
			};
			name = Debug;
		};
		406660D7263D21FF001BEF66 /* Release */ = {
			isa = XCBuildConfiguration;
			buildSettings = {
				ASSETCATALOG_COMPILER_APPICON_NAME = AppIcon;
				ASSETCATALOG_COMPILER_GLOBAL_ACCENT_COLOR_NAME = AccentColor;
				CODE_SIGN_STYLE = Automatic;
				DEVELOPMENT_TEAM = X9YKGG45V3;
				INFOPLIST_FILE = Places/Info.plist;
				LD_RUNPATH_SEARCH_PATHS = (
					"$(inherited)",
					"@executable_path/Frameworks",
				);
				PRODUCT_BUNDLE_IDENTIFIER = bx.Places;
				PRODUCT_NAME = "$(TARGET_NAME)";
				SWIFT_VERSION = 5.0;
				TARGETED_DEVICE_FAMILY = 1;
			};
			name = Release;
		};
/* End XCBuildConfiguration section */

/* Begin XCConfigurationList section */
		406660BC263D21FF001BEF66 /* Build configuration list for PBXProject "Places" */ = {
			isa = XCConfigurationList;
			buildConfigurations = (
				406660D3263D21FF001BEF66 /* Debug */,
				406660D4263D21FF001BEF66 /* Release */,
			);
			defaultConfigurationIsVisible = 0;
			defaultConfigurationName = Release;
		};
		406660D5263D21FF001BEF66 /* Build configuration list for PBXNativeTarget "Places" */ = {
			isa = XCConfigurationList;
			buildConfigurations = (
				406660D6263D21FF001BEF66 /* Debug */,
				406660D7263D21FF001BEF66 /* Release */,
			);
			defaultConfigurationIsVisible = 0;
			defaultConfigurationName = Release;
		};
/* End XCConfigurationList section */
	};
	rootObject = 406660B9263D21FF001BEF66 /* Project object */;
}
